
Microsoft Visual Studio Solution File, Format Version 12.00
# Visual Studio Version 17
VisualStudioVersion = 17.0.31903.59
MinimumVisualStudioVersion = 10.0.40219.1
Project("{2150E333-8FDC-42A3-9474-1A3956D46DE8}") = "src", "src", "{66842E44-8885-4A02-AF39-ED656B6DE014}"
EndProject
Project("{FAE04EC0-301F-11D3-BF4B-00C04F79EFBC}") = "SolidShortener.Api", "src\SolidShortener.Api\SolidShortener.Api.csproj", "{2A276CB2-3C9C-45C9-9025-7683C72D66C5}"
EndProject
Project("{FAE04EC0-301F-11D3-BF4B-00C04F79EFBC}") = "SolidShortener.Application", "src\SolidShortener.Application\SolidShortener.Application.csproj", "{DC7E5C57-F12E-439F-BEDE-6ECFF4FC8084}"
EndProject
Project("{FAE04EC0-301F-11D3-BF4B-00C04F79EFBC}") = "SolidShortener.Infrastructure", "src\SolidShortener.Infrastructure\SolidShortener.Infrastructure.csproj", "{AFA60ECC-68E5-44A4-B07E-3EAA5460B0D8}"
EndProject
Project("{FAE04EC0-301F-11D3-BF4B-00C04F79EFBC}") = "SolidShortener.Domain", "src\SolidShortener.Domain\SolidShortener.Domain.csproj", "{3096A5B5-D4BC-4CB5-BA38-6C486D21CB3F}"
EndProject
Project("{2150E333-8FDC-42A3-9474-1A3956D46DE8}") = "tests", "tests", "{0AB3BF05-4346-4AA6-1389-037BE0695223}"
EndProject
Project("{FAE04EC0-301F-11D3-BF4B-00C04F79EFBC}") = "SolidShortener.Tests", "tests\SolidShortener.Tests\SolidShortener.Tests.csproj", "{7AF3963F-17E4-4FC3-9BFF-B25373BAEB3E}"
EndProject
Global
	GlobalSection(SolutionConfigurationPlatforms) = preSolution
		Debug|Any CPU = Debug|Any CPU
		Debug|x64 = Debug|x64
		Debug|x86 = Debug|x86
		Release|Any CPU = Release|Any CPU
		Release|x64 = Release|x64
		Release|x86 = Release|x86
	EndGlobalSection
	GlobalSection(ProjectConfigurationPlatforms) = postSolution
		{2A276CB2-3C9C-45C9-9025-7683C72D66C5}.Debug|Any CPU.ActiveCfg = Debug|Any CPU
		{2A276CB2-3C9C-45C9-9025-7683C72D66C5}.Debug|Any CPU.Build.0 = Debug|Any CPU
		{2A276CB2-3C9C-45C9-9025-7683C72D66C5}.Debug|x64.ActiveCfg = Debug|Any CPU
		{2A276CB2-3C9C-45C9-9025-7683C72D66C5}.Debug|x64.Build.0 = Debug|Any CPU
		{2A276CB2-3C9C-45C9-9025-7683C72D66C5}.Debug|x86.ActiveCfg = Debug|Any CPU
		{2A276CB2-3C9C-45C9-9025-7683C72D66C5}.Debug|x86.Build.0 = Debug|Any CPU
		{2A276CB2-3C9C-45C9-9025-7683C72D66C5}.Release|Any CPU.ActiveCfg = Release|Any CPU
		{2A276CB2-3C9C-45C9-9025-7683C72D66C5}.Release|Any CPU.Build.0 = Release|Any CPU
		{2A276CB2-3C9C-45C9-9025-7683C72D66C5}.Release|x64.ActiveCfg = Release|Any CPU
		{2A276CB2-3C9C-45C9-9025-7683C72D66C5}.Release|x64.Build.0 = Release|Any CPU
		{2A276CB2-3C9C-45C9-9025-7683C72D66C5}.Release|x86.ActiveCfg = Release|Any CPU
		{2A276CB2-3C9C-45C9-9025-7683C72D66C5}.Release|x86.Build.0 = Release|Any CPU
		{DC7E5C57-F12E-439F-BEDE-6ECFF4FC8084}.Debug|Any CPU.ActiveCfg = Debug|Any CPU
		{DC7E5C57-F12E-439F-BEDE-6ECFF4FC8084}.Debug|Any CPU.Build.0 = Debug|Any CPU
		{DC7E5C57-F12E-439F-BEDE-6ECFF4FC8084}.Debug|x64.ActiveCfg = Debug|Any CPU
		{DC7E5C57-F12E-439F-BEDE-6ECFF4FC8084}.Debug|x64.Build.0 = Debug|Any CPU
		{DC7E5C57-F12E-439F-BEDE-6ECFF4FC8084}.Debug|x86.ActiveCfg = Debug|Any CPU
		{DC7E5C57-F12E-439F-BEDE-6ECFF4FC8084}.Debug|x86.Build.0 = Debug|Any CPU
		{DC7E5C57-F12E-439F-BEDE-6ECFF4FC8084}.Release|Any CPU.ActiveCfg = Release|Any CPU
		{DC7E5C57-F12E-439F-BEDE-6ECFF4FC8084}.Release|Any CPU.Build.0 = Release|Any CPU
		{DC7E5C57-F12E-439F-BEDE-6ECFF4FC8084}.Release|x64.ActiveCfg = Release|Any CPU
		{DC7E5C57-F12E-439F-BEDE-6ECFF4FC8084}.Release|x64.Build.0 = Release|Any CPU
		{DC7E5C57-F12E-439F-BEDE-6ECFF4FC8084}.Release|x86.ActiveCfg = Release|Any CPU
		{DC7E5C57-F12E-439F-BEDE-6ECFF4FC8084}.Release|x86.Build.0 = Release|Any CPU
		{AFA60ECC-68E5-44A4-B07E-3EAA5460B0D8}.Debug|Any CPU.ActiveCfg = Debug|Any CPU
		{AFA60ECC-68E5-44A4-B07E-3EAA5460B0D8}.Debug|Any CPU.Build.0 = Debug|Any CPU
		{AFA60ECC-68E5-44A4-B07E-3EAA5460B0D8}.Debug|x64.ActiveCfg = Debug|Any CPU
		{AFA60ECC-68E5-44A4-B07E-3EAA5460B0D8}.Debug|x64.Build.0 = Debug|Any CPU
		{AFA60ECC-68E5-44A4-B07E-3EAA5460B0D8}.Debug|x86.ActiveCfg = Debug|Any CPU
		{AFA60ECC-68E5-44A4-B07E-3EAA5460B0D8}.Debug|x86.Build.0 = Debug|Any CPU
		{AFA60ECC-68E5-44A4-B07E-3EAA5460B0D8}.Release|Any CPU.ActiveCfg = Release|Any CPU
		{AFA60ECC-68E5-44A4-B07E-3EAA5460B0D8}.Release|Any CPU.Build.0 = Release|Any CPU
		{AFA60ECC-68E5-44A4-B07E-3EAA5460B0D8}.Release|x64.ActiveCfg = Release|Any CPU
		{AFA60ECC-68E5-44A4-B07E-3EAA5460B0D8}.Release|x64.Build.0 = Release|Any CPU
		{AFA60ECC-68E5-44A4-B07E-3EAA5460B0D8}.Release|x86.ActiveCfg = Release|Any CPU
		{AFA60ECC-68E5-44A4-B07E-3EAA5460B0D8}.Release|x86.Build.0 = Release|Any CPU
		{3096A5B5-D4BC-4CB5-BA38-6C486D21CB3F}.Debug|Any CPU.ActiveCfg = Debug|Any CPU
		{3096A5B5-D4BC-4CB5-BA38-6C486D21CB3F}.Debug|Any CPU.Build.0 = Debug|Any CPU
		{3096A5B5-D4BC-4CB5-BA38-6C486D21CB3F}.Debug|x64.ActiveCfg = Debug|Any CPU
		{3096A5B5-D4BC-4CB5-BA38-6C486D21CB3F}.Debug|x64.Build.0 = Debug|Any CPU
		{3096A5B5-D4BC-4CB5-BA38-6C486D21CB3F}.Debug|x86.ActiveCfg = Debug|Any CPU
		{3096A5B5-D4BC-4CB5-BA38-6C486D21CB3F}.Debug|x86.Build.0 = Debug|Any CPU
		{3096A5B5-D4BC-4CB5-BA38-6C486D21CB3F}.Release|Any CPU.ActiveCfg = Release|Any CPU
		{3096A5B5-D4BC-4CB5-BA38-6C486D21CB3F}.Release|Any CPU.Build.0 = Release|Any CPU
		{3096A5B5-D4BC-4CB5-BA38-6C486D21CB3F}.Release|x64.ActiveCfg = Release|Any CPU
		{3096A5B5-D4BC-4CB5-BA38-6C486D21CB3F}.Release|x64.Build.0 = Release|Any CPU
		{3096A5B5-D4BC-4CB5-BA38-6C486D21CB3F}.Release|x86.ActiveCfg = Release|Any CPU
		{3096A5B5-D4BC-4CB5-BA38-6C486D21CB3F}.Release|x86.Build.0 = Release|Any CPU
		{7AF3963F-17E4-4FC3-9BFF-B25373BAEB3E}.Debug|Any CPU.ActiveCfg = Debug|Any CPU
		{7AF3963F-17E4-4FC3-9BFF-B25373BAEB3E}.Debug|Any CPU.Build.0 = Debug|Any CPU
		{7AF3963F-17E4-4FC3-9BFF-B25373BAEB3E}.Debug|x64.ActiveCfg = Debug|Any CPU
		{7AF3963F-17E4-4FC3-9BFF-B25373BAEB3E}.Debug|x64.Build.0 = Debug|Any CPU
		{7AF3963F-17E4-4FC3-9BFF-B25373BAEB3E}.Debug|x86.ActiveCfg = Debug|Any CPU
		{7AF3963F-17E4-4FC3-9BFF-B25373BAEB3E}.Debug|x86.Build.0 = Debug|Any CPU
		{7AF3963F-17E4-4FC3-9BFF-B25373BAEB3E}.Release|Any CPU.ActiveCfg = Release|Any CPU
		{7AF3963F-17E4-4FC3-9BFF-B25373BAEB3E}.Release|Any CPU.Build.0 = Release|Any CPU
		{7AF3963F-17E4-4FC3-9BFF-B25373BAEB3E}.Release|x64.ActiveCfg = Release|Any CPU
		{7AF3963F-17E4-4FC3-9BFF-B25373BAEB3E}.Release|x64.Build.0 = Release|Any CPU
		{7AF3963F-17E4-4FC3-9BFF-B25373BAEB3E}.Release|x86.ActiveCfg = Release|Any CPU
		{7AF3963F-17E4-4FC3-9BFF-B25373BAEB3E}.Release|x86.Build.0 = Release|Any CPU
	EndGlobalSection
	GlobalSection(SolutionProperties) = preSolution
		HideSolutionNode = FALSE
	EndGlobalSection
	GlobalSection(NestedProjects) = preSolution
		{2A276CB2-3C9C-45C9-9025-7683C72D66C5} = {66842E44-8885-4A02-AF39-ED656B6DE014}
		{DC7E5C57-F12E-439F-BEDE-6ECFF4FC8084} = {66842E44-8885-4A02-AF39-ED656B6DE014}
		{AFA60ECC-68E5-44A4-B07E-3EAA5460B0D8} = {66842E44-8885-4A02-AF39-ED656B6DE014}
		{3096A5B5-D4BC-4CB5-BA38-6C486D21CB3F} = {66842E44-8885-4A02-AF39-ED656B6DE014}
		{7AF3963F-17E4-4FC3-9BFF-B25373BAEB3E} = {0AB3BF05-4346-4AA6-1389-037BE0695223}
	EndGlobalSection
EndGlobal
